github.com/stianeikeland/go-rpio v4.2.0+incompatible h1:CUOlIxdJdT+H1obJPsmg8byu7jMSECLfAN9zynm5QGo=
github.com/stianeikeland/go-rpio v4.2.0+incompatible/go.mod h1:Sh81rdJwD96E2wja2Gd7rrKM+XZ9LrwvN2w4IXrqLR8=
github.com/stianeikeland/go-rpio/v4 v4.4.0 h1:LScvNyXHF412co42LG5t7bvBDbtDAhLF828ebaGqmjA=
github.com/stianeikeland/go-rpio/v4 v4.4.0/go.mod h1:BkK52zk+FRk8wCTDf88/86Sojc+NfUiCAHd1ZV3RuTM=
github.com/yuvalrakavy/TrainDetectorCommon v0.0.0-20190922191303-cee2b3eae919 h1:oY2uSENnfmAkLHGQpqXr06EmOexeMMVe5O1ChPksc8k=
github.com/yuvalrakavy/TrainDetectorCommon v0.0.0-20190922191303-cee2b3eae919/go.mod h1:sO9XWW5kz1FUsZjz5+7RFCj+wQfH9gDFWy8rAakPlxY=
github.com/yuvalrakavy/goPool v0.0.0-20190919112624-ae1bf5dbbdda/go.mod h1:DdaPhGp263uL4cK0HXxoTstbB+iKlPw3pTSgsp5gTmA=
github.com/yuvalrakavy/goPool v1.0.0 h1:RpMZkS8o0iwEWnieV7srJOhP+pYYk/hLlr+c9K+21YI=
github.com/yuvalrakavy/goPool v1.0.0/go.mod h1:Upc+mW01XIiF5LWo6KBUn8IybaOAQI4ZoFomgU4PoBM=
github.com/yuvalrakavy/goRaspberryPi v1.0.0 h1:w7oXTi+CSkOWhR3qdnxDKxLxyx9Czag/n9ogBp3vbJ0=
github.com/yuvalrakavy/goRaspberryPi v1.0.0/go.mod h1:WaWfPA1mLuCQG6jWbU7xJzdMTsdz7aw3osGzU7di32M=
github.com/yuvalrakavy/goRaspberryPi v1.0.1-0.20190923185026-bbf21c911540 h1:RqSr/A1ZrzW+lc/jhwS87lyWUHIfMTXcB7fslT6cPhk=
github.com/yuvalrakavy/goRaspberryPi v1.0.1-0.20190923185026-bbf21c911540/go.mod h1:WaWfPA1mLuCQG6jWbU7xJzdMTsdz7aw3osGzU7di32M=
golang.org/x/sys v0.0.0-20190919044723-0c1ff786ef13 h1:/zi0zzlPHWXYXrO1LjNRByFu8sdGgCkj2JLDdBIB84k=
golang.org/x/sys v0.0.0-20190919044723-0c1ff786ef13/go.mod h1:h1NjWce9XRLGQEsW7wpKNCjG9DtNlClVuFLEZdDNbEs=
golang.org/x/sys v0.0.0-20190922100055-0a153f010e69 h1:rOhMmluY6kLMhdnrivzec6lLgaVbMHMn2ISQXJeJ5EM=
golang.org/x/sys v0.0.0-20190922100055-0a153f010e69/go.mod h1:h1NjWce9XRLGQEsW7wpKNCjG9DtNlClVuFLEZdDNbEs=
golang.org/x/sys v0.1.0 h1:kunALQeHf1/185U1i0GOB/fy1IPRDDpuoOOqRReG57U=
golang.org/x/sys v0.1.0/go.mod h1:oPkhp1MJrh7nUepCBck5+mAzfO9JrbApNNgaTdGDITg=
